
Microsoft Visual Studio Solution File, Format Version 12.00
# Visual Studio Version 17
VisualStudioVersion = 17.10.35013.160
MinimumVisualStudioVersion = 10.0.40219.1
Project("{FAE04EC0-301F-11D3-BF4B-00C04F79EFBC}") = "BasketballTournament", "BasketballTournament.csproj", "{88DE8AA7-481D-4D44-A451-5D73A21A9BBE}"
EndProject
Global
	GlobalSection(SolutionConfigurationPlatforms) = preSolution
		Debug|Any CPU = Debug|Any CPU
		Release|Any CPU = Release|Any CPU
	EndGlobalSection
	GlobalSection(ProjectConfigurationPlatforms) = postSolution
		{88DE8AA7-481D-4D44-A451-5D73A21A9BBE}.Debug|Any CPU.ActiveCfg = Debug|Any CPU
		{88DE8AA7-481D-4D44-A451-5D73A21A9BBE}.Debug|Any CPU.Build.0 = Debug|Any CPU
		{88DE8AA7-481D-4D44-A451-5D73A21A9BBE}.Release|Any CPU.ActiveCfg = Release|Any CPU
		{88DE8AA7-481D-4D44-A451-5D73A21A9BBE}.Release|Any CPU.Build.0 = Release|Any CPU
	EndGlobalSection
	GlobalSection(SolutionProperties) = preSolution
		HideSolutionNode = FALSE
	EndGlobalSection
	GlobalSection(ExtensibilityGlobals) = postSolution
		SolutionGuid = {90DE1816-EEBE-4F85-A0A1-DF52B974FADF}
	EndGlobalSection
EndGlobal
